
Microsoft Visual Studio Solution File, Format Version 10.00
# Visual Studio 2008
Project("{8BC9CEB8-8B4A-11D0-8D11-00A0C91BC942}") = "PhysicalMonitorInfo", "PhysicalMonitorInfo\PhysicalMonitorInfo.vcproj", "{848CB69F-03AB-4E6A-B556-23D52523C31D}"
EndProject
Global
	GlobalSection(SolutionConfigurationPlatforms) = preSolution
		Debug|Win32 = Debug|Win32
		Release|Win32 = Release|Win32
	EndGlobalSection
	GlobalSection(ProjectConfigurationPlatforms) = postSolution
		{848CB69F-03AB-4E6A-B556-23D52523C31D}.Debug|Win32.ActiveCfg = Debug|Win32
		{848CB69F-03AB-4E6A-B556-23D52523C31D}.Debug|Win32.Build.0 = Debug|Win32
		{848CB69F-03AB-4E6A-B556-23D52523C31D}.Release|Win32.ActiveCfg = Release|Win32
		{848CB69F-03AB-4E6A-B556-23D52523C31D}.Release|Win32.Build.0 = Release|Win32
	EndGlobalSection
	GlobalSection(SolutionProperties) = preSolution
		HideSolutionNode = FALSE
	EndGlobalSection
EndGlobal
